// !$*UTF8*$!
{
	archiveVersion = 1;
	classes = {
	};
	objectVersion = 55;
	objects = {

/* Begin PBXBuildFile section */
		01443A4D2830E09100E4D413 /* OnBoardingView.swift in Sources */ = {isa = PBXBuildFile; fileRef = 01443A4C2830E09100E4D413 /* OnBoardingView.swift */; };
		01443A512830E0BC00E4D413 /* OnBoardingManager.swift in Sources */ = {isa = PBXBuildFile; fileRef = 01443A502830E0BC00E4D413 /* OnBoardingManager.swift */; };
		01476EBC284A549C0007C006 /* DosimetreCell.swift in Sources */ = {isa = PBXBuildFile; fileRef = 01476EBB284A549C0007C006 /* DosimetreCell.swift */; };
		01658FA128324191001336A4 /* Collection.swift in Sources */ = {isa = PBXBuildFile; fileRef = 01658FA028324191001336A4 /* Collection.swift */; };
		01658FA328324363001336A4 /* FirstListView.swift in Sources */ = {isa = PBXBuildFile; fileRef = 01658FA228324363001336A4 /* FirstListView.swift */; };
		01658FA5283245C5001336A4 /* SecondListView.swift in Sources */ = {isa = PBXBuildFile; fileRef = 01658FA4283245C5001336A4 /* SecondListView.swift */; };
		01658FA7283245D4001336A4 /* ThirdListView.swift in Sources */ = {isa = PBXBuildFile; fileRef = 01658FA6283245D4001336A4 /* ThirdListView.swift */; };
		01658FA9283245E0001336A4 /* SubscribeOneView.swift in Sources */ = {isa = PBXBuildFile; fileRef = 01658FA8283245DF001336A4 /* SubscribeOneView.swift */; };
		01658FAB283245EB001336A4 /* SubscribeTwoView.swift in Sources */ = {isa = PBXBuildFile; fileRef = 01658FAA283245EB001336A4 /* SubscribeTwoView.swift */; };
		017379D32844FA9C00A77E83 /* Dosimeter.swift in Sources */ = {isa = PBXBuildFile; fileRef = 017379D22844FA9C00A77E83 /* Dosimeter.swift */; };
		0176C5BA2840F9830074B8D5 /* CollectionViewSave.swift in Sources */ = {isa = PBXBuildFile; fileRef = 0176C5B92840F9830074B8D5 /* CollectionViewSave.swift */; };
		0176C5BC284101F60074B8D5 /* CustomSaveCell.swift in Sources */ = {isa = PBXBuildFile; fileRef = 0176C5BB284101F60074B8D5 /* CustomSaveCell.swift */; };
		0178FA8A283E6084006C03CC /* DecibelMet.xcdatamodeld in Sources */ = {isa = PBXBuildFile; fileRef = 0178FA88283E6084006C03CC /* DecibelMet.xcdatamodeld */; };
		017A4ADB283E455900D4092C /* Persist.swift in Sources */ = {isa = PBXBuildFile; fileRef = 017A4ADA283E455900D4092C /* Persist.swift */; };
		017A4ADD283E458800D4092C /* RecordClass.swift in Sources */ = {isa = PBXBuildFile; fileRef = 017A4ADC283E458800D4092C /* RecordClass.swift */; };
		017A4ADF283E45B400D4092C /* RecordProperty.swift in Sources */ = {isa = PBXBuildFile; fileRef = 017A4ADE283E45B400D4092C /* RecordProperty.swift */; };
		017A4AE1283E45CC00D4092C /* RecordInfo.swift in Sources */ = {isa = PBXBuildFile; fileRef = 017A4AE0283E45CC00D4092C /* RecordInfo.swift */; };
		017A4AE8283E503F00D4092C /* SaveController.swift in Sources */ = {isa = PBXBuildFile; fileRef = 017A4AE7283E503F00D4092C /* SaveController.swift */; };
		0180CE2A2822C10C00E80380 /* AvgMinMaxBar.swift in Sources */ = {isa = PBXBuildFile; fileRef = 0180CE292822C10C00E80380 /* AvgMinMaxBar.swift */; };
		0180CE2C2822C13100E80380 /* StackView.swift in Sources */ = {isa = PBXBuildFile; fileRef = 0180CE2B2822C13100E80380 /* StackView.swift */; };
		0180CE2E2822C19200E80380 /* Button.swift in Sources */ = {isa = PBXBuildFile; fileRef = 0180CE2D2822C19200E80380 /* Button.swift */; };
		0180CE302822C1B100E80380 /* Gradient.swift in Sources */ = {isa = PBXBuildFile; fileRef = 0180CE2F2822C1B100E80380 /* Gradient.swift */; };
		0180CE322822C1ED00E80380 /* Recorder.swift in Sources */ = {isa = PBXBuildFile; fileRef = 0180CE312822C1ED00E80380 /* Recorder.swift */; };
		0180CE362822C2EB00E80380 /* Constants.swift in Sources */ = {isa = PBXBuildFile; fileRef = 0180CE352822C2EB00E80380 /* Constants.swift */; };
		0180CE382822C73400E80380 /* Player.swift in Sources */ = {isa = PBXBuildFile; fileRef = 0180CE372822C73400E80380 /* Player.swift */; };
		01A259A42823DCD300EBA84C /* TabBar.swift in Sources */ = {isa = PBXBuildFile; fileRef = 01A259A32823DCD200EBA84C /* TabBar.swift */; };
		01A259A62823DCFD00EBA84C /* CameraController.swift in Sources */ = {isa = PBXBuildFile; fileRef = 01A259A52823DCFD00EBA84C /* CameraController.swift */; };
		01A259A82823DD0900EBA84C /* SaveCell.swift in Sources */ = {isa = PBXBuildFile; fileRef = 01A259A72823DD0900EBA84C /* SaveCell.swift */; };
		01A259AC2823FD8400EBA84C /* SettingViewController.swift in Sources */ = {isa = PBXBuildFile; fileRef = 01A259AB2823FD8400EBA84C /* SettingViewController.swift */; };
		01A259AF2823FD9C00EBA84C /* SettingCell.swift in Sources */ = {isa = PBXBuildFile; fileRef = 01A259AE2823FD9C00EBA84C /* SettingCell.swift */; };
		01A259B12823FDDA00EBA84C /* ImageView.swift in Sources */ = {isa = PBXBuildFile; fileRef = 01A259B02823FDDA00EBA84C /* ImageView.swift */; };
		01B3EB7B2822BE8B004001C1 /* UILabel.swift in Sources */ = {isa = PBXBuildFile; fileRef = 01B3EB7A2822BE8B004001C1 /* UILabel.swift */; };
		01D2DCE128229BC7003AB953 /* AppDelegate.swift in Sources */ = {isa = PBXBuildFile; fileRef = 01D2DCE028229BC7003AB953 /* AppDelegate.swift */; };
		01D2DCE328229BC7003AB953 /* SceneDelegate.swift in Sources */ = {isa = PBXBuildFile; fileRef = 01D2DCE228229BC7003AB953 /* SceneDelegate.swift */; };
		01D2DCE528229BC7003AB953 /* RecordView.swift in Sources */ = {isa = PBXBuildFile; fileRef = 01D2DCE428229BC7003AB953 /* RecordView.swift */; };
		01D2DCEA28229BC9003AB953 /* Assets.xcassets in Resources */ = {isa = PBXBuildFile; fileRef = 01D2DCE928229BC9003AB953 /* Assets.xcassets */; };
		01D2DCED28229BC9003AB953 /* LaunchScreen.storyboard in Resources */ = {isa = PBXBuildFile; fileRef = 01D2DCEB28229BC9003AB953 /* LaunchScreen.storyboard */; };
		01D36705284F47C70061B7E4 /* Montserrat-VariableFont_wght.ttf in Resources */ = {isa = PBXBuildFile; fileRef = 01D366EE284F47C70061B7E4 /* Montserrat-VariableFont_wght.ttf */; };
		01D36706284F47C70061B7E4 /* Montserrat-Italic-VariableFont_wght.ttf in Resources */ = {isa = PBXBuildFile; fileRef = 01D366EF284F47C70061B7E4 /* Montserrat-Italic-VariableFont_wght.ttf */; };
		01D36707284F47C70061B7E4 /* Montserrat-LightItalic.ttf in Resources */ = {isa = PBXBuildFile; fileRef = 01D366F1284F47C70061B7E4 /* Montserrat-LightItalic.ttf */; };
		01D36708284F47C70061B7E4 /* Montserrat-Medium.ttf in Resources */ = {isa = PBXBuildFile; fileRef = 01D366F2284F47C70061B7E4 /* Montserrat-Medium.ttf */; };
		01D36709284F47C70061B7E4 /* Montserrat-BoldItalic.ttf in Resources */ = {isa = PBXBuildFile; fileRef = 01D366F3284F47C70061B7E4 /* Montserrat-BoldItalic.ttf */; };
		01D3670A284F47C70061B7E4 /* Montserrat-Light.ttf in Resources */ = {isa = PBXBuildFile; fileRef = 01D366F4284F47C70061B7E4 /* Montserrat-Light.ttf */; };
		01D3670B284F47C70061B7E4 /* Montserrat-ThinItalic.ttf in Resources */ = {isa = PBXBuildFile; fileRef = 01D366F5284F47C70061B7E4 /* Montserrat-ThinItalic.ttf */; };
		01D3670C284F47C70061B7E4 /* Montserrat-ExtraLight.ttf in Resources */ = {isa = PBXBuildFile; fileRef = 01D366F6284F47C70061B7E4 /* Montserrat-ExtraLight.ttf */; };
		01D3670D284F47C70061B7E4 /* Montserrat-Thin.ttf in Resources */ = {isa = PBXBuildFile; fileRef = 01D366F7284F47C70061B7E4 /* Montserrat-Thin.ttf */; };
		01D3670E284F47C70061B7E4 /* Montserrat-Bold.ttf in Resources */ = {isa = PBXBuildFile; fileRef = 01D366F8284F47C70061B7E4 /* Montserrat-Bold.ttf */; };
		01D3670F284F47C70061B7E4 /* Montserrat-MediumItalic.ttf in Resources */ = {isa = PBXBuildFile; fileRef = 01D366F9284F47C70061B7E4 /* Montserrat-MediumItalic.ttf */; };
		01D36710284F47C70061B7E4 /* Montserrat-BlackItalic.ttf in Resources */ = {isa = PBXBuildFile; fileRef = 01D366FA284F47C70061B7E4 /* Montserrat-BlackItalic.ttf */; };
		01D36711284F47C70061B7E4 /* Montserrat-SemiBold.ttf in Resources */ = {isa = PBXBuildFile; fileRef = 01D366FB284F47C70061B7E4 /* Montserrat-SemiBold.ttf */; };
		01D36712284F47C70061B7E4 /* Montserrat-ExtraLightItalic.ttf in Resources */ = {isa = PBXBuildFile; fileRef = 01D366FC284F47C70061B7E4 /* Montserrat-ExtraLightItalic.ttf */; };
		01D36713284F47C70061B7E4 /* Montserrat-ExtraBold.ttf in Resources */ = {isa = PBXBuildFile; fileRef = 01D366FD284F47C70061B7E4 /* Montserrat-ExtraBold.ttf */; };
		01D36714284F47C70061B7E4 /* Montserrat-Black.ttf in Resources */ = {isa = PBXBuildFile; fileRef = 01D366FE284F47C70061B7E4 /* Montserrat-Black.ttf */; };
		01D36715284F47C70061B7E4 /* Montserrat-Regular.ttf in Resources */ = {isa = PBXBuildFile; fileRef = 01D366FF284F47C70061B7E4 /* Montserrat-Regular.ttf */; };
		01D36716284F47C70061B7E4 /* Montserrat-Italic.ttf in Resources */ = {isa = PBXBuildFile; fileRef = 01D36700284F47C70061B7E4 /* Montserrat-Italic.ttf */; };
		01D36717284F47C70061B7E4 /* Montserrat-SemiBoldItalic.ttf in Resources */ = {isa = PBXBuildFile; fileRef = 01D36701284F47C70061B7E4 /* Montserrat-SemiBoldItalic.ttf */; };
		01D36718284F47C70061B7E4 /* Montserrat-ExtraBoldItalic.ttf in Resources */ = {isa = PBXBuildFile; fileRef = 01D36702284F47C70061B7E4 /* Montserrat-ExtraBoldItalic.ttf */; };
		01D36719284F47C70061B7E4 /* OFL.txt in Resources */ = {isa = PBXBuildFile; fileRef = 01D36703284F47C70061B7E4 /* OFL.txt */; };
		01D3671A284F47C70061B7E4 /* README.txt in Resources */ = {isa = PBXBuildFile; fileRef = 01D36704284F47C70061B7E4 /* README.txt */; };
		01DDF4822833D6A100CCFDF9 /* SaveControllerInfo.swift in Sources */ = {isa = PBXBuildFile; fileRef = 01DDF4812833D6A100CCFDF9 /* SaveControllerInfo.swift */; };
		01E166832832C6D600DBC846 /* Image.swift in Sources */ = {isa = PBXBuildFile; fileRef = 01E166822832C6D600DBC846 /* Image.swift */; };
		4EC87BAD9DFCFD84A4994908 /* Pods_DecibelMet.framework in Frameworks */ = {isa = PBXBuildFile; fileRef = D2C1D095B34E5EC19331170E /* Pods_DecibelMet.framework */; };
/* End PBXBuildFile section */

/* Begin PBXFileReference section */
		01443A4C2830E09100E4D413 /* OnBoardingView.swift */ = {isa = PBXFileReference; lastKnownFileType = sourcecode.swift; path = OnBoardingView.swift; sourceTree = "<group>"; };
		01443A502830E0BC00E4D413 /* OnBoardingManager.swift */ = {isa = PBXFileReference; lastKnownFileType = sourcecode.swift; path = OnBoardingManager.swift; sourceTree = "<group>"; };
		01476EBB284A549C0007C006 /* DosimetreCell.swift */ = {isa = PBXFileReference; lastKnownFileType = sourcecode.swift; path = DosimetreCell.swift; sourceTree = "<group>"; };
		01658FA028324191001336A4 /* Collection.swift */ = {isa = PBXFileReference; lastKnownFileType = sourcecode.swift; path = Collection.swift; sourceTree = "<group>"; };
		01658FA228324363001336A4 /* FirstListView.swift */ = {isa = PBXFileReference; lastKnownFileType = sourcecode.swift; path = FirstListView.swift; sourceTree = "<group>"; };
		01658FA4283245C5001336A4 /* SecondListView.swift */ = {isa = PBXFileReference; lastKnownFileType = sourcecode.swift; path = SecondListView.swift; sourceTree = "<group>"; };
		01658FA6283245D4001336A4 /* ThirdListView.swift */ = {isa = PBXFileReference; lastKnownFileType = sourcecode.swift; path = ThirdListView.swift; sourceTree = "<group>"; };
		01658FA8283245DF001336A4 /* SubscribeOneView.swift */ = {isa = PBXFileReference; lastKnownFileType = sourcecode.swift; path = SubscribeOneView.swift; sourceTree = "<group>"; };
		01658FAA283245EB001336A4 /* SubscribeTwoView.swift */ = {isa = PBXFileReference; lastKnownFileType = sourcecode.swift; path = SubscribeTwoView.swift; sourceTree = "<group>"; };
		017379D22844FA9C00A77E83 /* Dosimeter.swift */ = {isa = PBXFileReference; lastKnownFileType = sourcecode.swift; path = Dosimeter.swift; sourceTree = "<group>"; };
		0176C5B92840F9830074B8D5 /* CollectionViewSave.swift */ = {isa = PBXFileReference; lastKnownFileType = sourcecode.swift; path = CollectionViewSave.swift; sourceTree = "<group>"; };
		0176C5BB284101F60074B8D5 /* CustomSaveCell.swift */ = {isa = PBXFileReference; lastKnownFileType = sourcecode.swift; path = CustomSaveCell.swift; sourceTree = "<group>"; };
		0178FA89283E6084006C03CC /* DecibelMet.xcdatamodel */ = {isa = PBXFileReference; lastKnownFileType = wrapper.xcdatamodel; path = DecibelMet.xcdatamodel; sourceTree = "<group>"; };
		017A4ADA283E455900D4092C /* Persist.swift */ = {isa = PBXFileReference; lastKnownFileType = sourcecode.swift; path = Persist.swift; sourceTree = "<group>"; };
		017A4ADC283E458800D4092C /* RecordClass.swift */ = {isa = PBXFileReference; lastKnownFileType = sourcecode.swift; name = RecordClass.swift; path = DecibelMet/Persist/Model/RecordClass.swift; sourceTree = SOURCE_ROOT; };
		017A4ADE283E45B400D4092C /* RecordProperty.swift */ = {isa = PBXFileReference; lastKnownFileType = sourcecode.swift; path = RecordProperty.swift; sourceTree = "<group>"; };
		017A4AE0283E45CC00D4092C /* RecordInfo.swift */ = {isa = PBXFileReference; lastKnownFileType = sourcecode.swift; path = RecordInfo.swift; sourceTree = "<group>"; };
		017A4AE7283E503F00D4092C /* SaveController.swift */ = {isa = PBXFileReference; lastKnownFileType = sourcecode.swift; path = SaveController.swift; sourceTree = "<group>"; };
		0180CE292822C10C00E80380 /* AvgMinMaxBar.swift */ = {isa = PBXFileReference; lastKnownFileType = sourcecode.swift; path = AvgMinMaxBar.swift; sourceTree = "<group>"; };
		0180CE2B2822C13100E80380 /* StackView.swift */ = {isa = PBXFileReference; lastKnownFileType = sourcecode.swift; path = StackView.swift; sourceTree = "<group>"; };
		0180CE2D2822C19200E80380 /* Button.swift */ = {isa = PBXFileReference; lastKnownFileType = sourcecode.swift; path = Button.swift; sourceTree = "<group>"; };
		0180CE2F2822C1B100E80380 /* Gradient.swift */ = {isa = PBXFileReference; lastKnownFileType = sourcecode.swift; path = Gradient.swift; sourceTree = "<group>"; };
		0180CE312822C1ED00E80380 /* Recorder.swift */ = {isa = PBXFileReference; lastKnownFileType = sourcecode.swift; path = Recorder.swift; sourceTree = "<group>"; };
		0180CE352822C2EB00E80380 /* Constants.swift */ = {isa = PBXFileReference; lastKnownFileType = sourcecode.swift; path = Constants.swift; sourceTree = "<group>"; };
		0180CE372822C73400E80380 /* Player.swift */ = {isa = PBXFileReference; lastKnownFileType = sourcecode.swift; path = Player.swift; sourceTree = "<group>"; };
		01A259A32823DCD200EBA84C /* TabBar.swift */ = {isa = PBXFileReference; lastKnownFileType = sourcecode.swift; path = TabBar.swift; sourceTree = "<group>"; };
		01A259A52823DCFD00EBA84C /* CameraController.swift */ = {isa = PBXFileReference; lastKnownFileType = sourcecode.swift; path = CameraController.swift; sourceTree = "<group>"; };
		01A259A72823DD0900EBA84C /* SaveCell.swift */ = {isa = PBXFileReference; lastKnownFileType = sourcecode.swift; path = SaveCell.swift; sourceTree = "<group>"; };
		01A259AB2823FD8400EBA84C /* SettingViewController.swift */ = {isa = PBXFileReference; lastKnownFileType = sourcecode.swift; path = SettingViewController.swift; sourceTree = "<group>"; };
		01A259AE2823FD9C00EBA84C /* SettingCell.swift */ = {isa = PBXFileReference; lastKnownFileType = sourcecode.swift; path = SettingCell.swift; sourceTree = "<group>"; };
		01A259B02823FDDA00EBA84C /* ImageView.swift */ = {isa = PBXFileReference; lastKnownFileType = sourcecode.swift; path = ImageView.swift; sourceTree = "<group>"; };
		01B3EB7A2822BE8B004001C1 /* UILabel.swift */ = {isa = PBXFileReference; lastKnownFileType = sourcecode.swift; path = UILabel.swift; sourceTree = "<group>"; };
		01D2DCDD28229BC7003AB953 /* DecibelMet.app */ = {isa = PBXFileReference; explicitFileType = wrapper.application; includeInIndex = 0; path = DecibelMet.app; sourceTree = BUILT_PRODUCTS_DIR; };
		01D2DCE028229BC7003AB953 /* AppDelegate.swift */ = {isa = PBXFileReference; lastKnownFileType = sourcecode.swift; path = AppDelegate.swift; sourceTree = "<group>"; };
		01D2DCE228229BC7003AB953 /* SceneDelegate.swift */ = {isa = PBXFileReference; lastKnownFileType = sourcecode.swift; path = SceneDelegate.swift; sourceTree = "<group>"; };
		01D2DCE428229BC7003AB953 /* RecordView.swift */ = {isa = PBXFileReference; lastKnownFileType = sourcecode.swift; path = RecordView.swift; sourceTree = "<group>"; };
		01D2DCE928229BC9003AB953 /* Assets.xcassets */ = {isa = PBXFileReference; lastKnownFileType = folder.assetcatalog; path = Assets.xcassets; sourceTree = "<group>"; };
		01D2DCEC28229BC9003AB953 /* Base */ = {isa = PBXFileReference; lastKnownFileType = file.storyboard; name = Base; path = Base.lproj/LaunchScreen.storyboard; sourceTree = "<group>"; };
		01D2DCEE28229BC9003AB953 /* Info.plist */ = {isa = PBXFileReference; lastKnownFileType = text.plist.xml; path = Info.plist; sourceTree = "<group>"; };
		01D366EE284F47C70061B7E4 /* Montserrat-VariableFont_wght.ttf */ = {isa = PBXFileReference; lastKnownFileType = file; path = "Montserrat-VariableFont_wght.ttf"; sourceTree = "<group>"; };
		01D366EF284F47C70061B7E4 /* Montserrat-Italic-VariableFont_wght.ttf */ = {isa = PBXFileReference; lastKnownFileType = file; path = "Montserrat-Italic-VariableFont_wght.ttf"; sourceTree = "<group>"; };
		01D366F1284F47C70061B7E4 /* Montserrat-LightItalic.ttf */ = {isa = PBXFileReference; lastKnownFileType = file; path = "Montserrat-LightItalic.ttf"; sourceTree = "<group>"; };
		01D366F2284F47C70061B7E4 /* Montserrat-Medium.ttf */ = {isa = PBXFileReference; lastKnownFileType = file; path = "Montserrat-Medium.ttf"; sourceTree = "<group>"; };
		01D366F3284F47C70061B7E4 /* Montserrat-BoldItalic.ttf */ = {isa = PBXFileReference; lastKnownFileType = file; path = "Montserrat-BoldItalic.ttf"; sourceTree = "<group>"; };
		01D366F4284F47C70061B7E4 /* Montserrat-Light.ttf */ = {isa = PBXFileReference; lastKnownFileType = file; path = "Montserrat-Light.ttf"; sourceTree = "<group>"; };
		01D366F5284F47C70061B7E4 /* Montserrat-ThinItalic.ttf */ = {isa = PBXFileReference; lastKnownFileType = file; path = "Montserrat-ThinItalic.ttf"; sourceTree = "<group>"; };
		01D366F6284F47C70061B7E4 /* Montserrat-ExtraLight.ttf */ = {isa = PBXFileReference; lastKnownFileType = file; path = "Montserrat-ExtraLight.ttf"; sourceTree = "<group>"; };
		01D366F7284F47C70061B7E4 /* Montserrat-Thin.ttf */ = {isa = PBXFileReference; lastKnownFileType = file; path = "Montserrat-Thin.ttf"; sourceTree = "<group>"; };
		01D366F8284F47C70061B7E4 /* Montserrat-Bold.ttf */ = {isa = PBXFileReference; lastKnownFileType = file; path = "Montserrat-Bold.ttf"; sourceTree = "<group>"; };
		01D366F9284F47C70061B7E4 /* Montserrat-MediumItalic.ttf */ = {isa = PBXFileReference; lastKnownFileType = file; path = "Montserrat-MediumItalic.ttf"; sourceTree = "<group>"; };
		01D366FA284F47C70061B7E4 /* Montserrat-BlackItalic.ttf */ = {isa = PBXFileReference; lastKnownFileType = file; path = "Montserrat-BlackItalic.ttf"; sourceTree = "<group>"; };
		01D366FB284F47C70061B7E4 /* Montserrat-SemiBold.ttf */ = {isa = PBXFileReference; lastKnownFileType = file; path = "Montserrat-SemiBold.ttf"; sourceTree = "<group>"; };
		01D366FC284F47C70061B7E4 /* Montserrat-ExtraLightItalic.ttf */ = {isa = PBXFileReference; lastKnownFileType = file; path = "Montserrat-ExtraLightItalic.ttf"; sourceTree = "<group>"; };
		01D366FD284F47C70061B7E4 /* Montserrat-ExtraBold.ttf */ = {isa = PBXFileReference; lastKnownFileType = file; path = "Montserrat-ExtraBold.ttf"; sourceTree = "<group>"; };
		01D366FE284F47C70061B7E4 /* Montserrat-Black.ttf */ = {isa = PBXFileReference; lastKnownFileType = file; path = "Montserrat-Black.ttf"; sourceTree = "<group>"; };
		01D366FF284F47C70061B7E4 /* Montserrat-Regular.ttf */ = {isa = PBXFileReference; lastKnownFileType = file; path = "Montserrat-Regular.ttf"; sourceTree = "<group>"; };
		01D36700284F47C70061B7E4 /* Montserrat-Italic.ttf */ = {isa = PBXFileReference; lastKnownFileType = file; path = "Montserrat-Italic.ttf"; sourceTree = "<group>"; };
		01D36701284F47C70061B7E4 /* Montserrat-SemiBoldItalic.ttf */ = {isa = PBXFileReference; lastKnownFileType = file; path = "Montserrat-SemiBoldItalic.ttf"; sourceTree = "<group>"; };
		01D36702284F47C70061B7E4 /* Montserrat-ExtraBoldItalic.ttf */ = {isa = PBXFileReference; lastKnownFileType = file; path = "Montserrat-ExtraBoldItalic.ttf"; sourceTree = "<group>"; };
		01D36703284F47C70061B7E4 /* OFL.txt */ = {isa = PBXFileReference; fileEncoding = 4; lastKnownFileType = text; path = OFL.txt; sourceTree = "<group>"; };
		01D36704284F47C70061B7E4 /* README.txt */ = {isa = PBXFileReference; fileEncoding = 4; lastKnownFileType = text; path = README.txt; sourceTree = "<group>"; };
		01DDF4812833D6A100CCFDF9 /* SaveControllerInfo.swift */ = {isa = PBXFileReference; lastKnownFileType = sourcecode.swift; path = SaveControllerInfo.swift; sourceTree = "<group>"; };
		01E166822832C6D600DBC846 /* Image.swift */ = {isa = PBXFileReference; lastKnownFileType = sourcecode.swift; path = Image.swift; sourceTree = "<group>"; };
		3C681B5B5084E0F76E435C81 /* Pods-DecibelMet.debug.xcconfig */ = {isa = PBXFileReference; includeInIndex = 1; lastKnownFileType = text.xcconfig; name = "Pods-DecibelMet.debug.xcconfig"; path = "Target Support Files/Pods-DecibelMet/Pods-DecibelMet.debug.xcconfig"; sourceTree = "<group>"; };
		4AE006C25E5A7D0E30A64E83 /* Pods-DecibelMet.release.xcconfig */ = {isa = PBXFileReference; includeInIndex = 1; lastKnownFileType = text.xcconfig; name = "Pods-DecibelMet.release.xcconfig"; path = "Target Support Files/Pods-DecibelMet/Pods-DecibelMet.release.xcconfig"; sourceTree = "<group>"; };
		D2C1D095B34E5EC19331170E /* Pods_DecibelMet.framework */ = {isa = PBXFileReference; explicitFileType = wrapper.framework; includeInIndex = 0; path = Pods_DecibelMet.framework; sourceTree = BUILT_PRODUCTS_DIR; };
/* End PBXFileReference section */

/* Begin PBXFrameworksBuildPhase section */
		01D2DCDA28229BC7003AB953 /* Frameworks */ = {
			isa = PBXFrameworksBuildPhase;
			buildActionMask = 2147483647;
			files = (
				4EC87BAD9DFCFD84A4994908 /* Pods_DecibelMet.framework in Frameworks */,
			);
			runOnlyForDeploymentPostprocessing = 0;
		};
/* End PBXFrameworksBuildPhase section */

/* Begin PBXGroup section */
		01443A4E2830E0A200E4D413 /* OnBoarding */ = {
			isa = PBXGroup;
			children = (
				01443A4C2830E09100E4D413 /* OnBoardingView.swift */,
				01443A502830E0BC00E4D413 /* OnBoardingManager.swift */,
				01443A4F2830E0A900E4D413 /* List */,
				01658FA028324191001336A4 /* Collection.swift */,
			);
			path = OnBoarding;
			sourceTree = "<group>";
		};
		01443A4F2830E0A900E4D413 /* List */ = {
			isa = PBXGroup;
			children = (
				01658FA228324363001336A4 /* FirstListView.swift */,
				01658FA4283245C5001336A4 /* SecondListView.swift */,
				01658FA6283245D4001336A4 /* ThirdListView.swift */,
				01658FA8283245DF001336A4 /* SubscribeOneView.swift */,
				01658FAA283245EB001336A4 /* SubscribeTwoView.swift */,
			);
			path = List;
			sourceTree = "<group>";
		};
		017A4AD9283E454900D4092C /* Persist */ = {
			isa = PBXGroup;
			children = (
				017A4ADA283E455900D4092C /* Persist.swift */,
				017A4AE5283E4F3D00D4092C /* Model */,
			);
			path = Persist;
			sourceTree = "<group>";
		};
		017A4AE5283E4F3D00D4092C /* Model */ = {
			isa = PBXGroup;
			children = (
				017A4ADC283E458800D4092C /* RecordClass.swift */,
				017A4ADE283E45B400D4092C /* RecordProperty.swift */,
				017A4AE0283E45CC00D4092C /* RecordInfo.swift */,
			);
			path = Model;
			sourceTree = "<group>";
		};
		017A4AE6283E4F7000D4092C /* SavedInfoView */ = {
			isa = PBXGroup;
			children = (
				01DDF4812833D6A100CCFDF9 /* SaveControllerInfo.swift */,
			);
			path = SavedInfoView;
			sourceTree = "<group>";
		};
		0180CE392822C75800E80380 /* Sound */ = {
			isa = PBXGroup;
			children = (
				0180CE372822C73400E80380 /* Player.swift */,
				0180CE312822C1ED00E80380 /* Recorder.swift */,
			);
			path = Sound;
			sourceTree = "<group>";
		};
		0180CE3A2822C93D00E80380 /* UserInterface */ = {
			isa = PBXGroup;
			children = (
				0180CE292822C10C00E80380 /* AvgMinMaxBar.swift */,
				0180CE2F2822C1B100E80380 /* Gradient.swift */,
				0180CE2B2822C13100E80380 /* StackView.swift */,
				0180CE2D2822C19200E80380 /* Button.swift */,
				01B3EB7A2822BE8B004001C1 /* UILabel.swift */,
				01E166822832C6D600DBC846 /* Image.swift */,
			);
			path = UserInterface;
			sourceTree = "<group>";
		};
		01A259AD2823FD8A00EBA84C /* Setting */ = {
			isa = PBXGroup;
			children = (
				01A259AB2823FD8400EBA84C /* SettingViewController.swift */,
				01A259AE2823FD9C00EBA84C /* SettingCell.swift */,
			);
			path = Setting;
			sourceTree = "<group>";
		};
		01B77DED2826932400E0F59F /* Support files */ = {
			isa = PBXGroup;
			children = (
				01A259B02823FDDA00EBA84C /* ImageView.swift */,
				01A259A32823DCD200EBA84C /* TabBar.swift */,
				0180CE352822C2EB00E80380 /* Constants.swift */,
			);
			path = "Support files";
			sourceTree = "<group>";
		};
		01B77DEE2826933E00E0F59F /* Save */ = {
			isa = PBXGroup;
			children = (
				01A259A72823DD0900EBA84C /* SaveCell.swift */,
				017A4AE7283E503F00D4092C /* SaveController.swift */,
				0176C5B92840F9830074B8D5 /* CollectionViewSave.swift */,
				0176C5BB284101F60074B8D5 /* CustomSaveCell.swift */,
				017A4AE6283E4F7000D4092C /* SavedInfoView */,
			);
			path = Save;
			sourceTree = "<group>";
		};
		01B77DEF2826934900E0F59F /* Camera */ = {
			isa = PBXGroup;
			children = (
				01A259A52823DCFD00EBA84C /* CameraController.swift */,
			);
			path = Camera;
			sourceTree = "<group>";
		};
		01B77DF02826935600E0F59F /* Main */ = {
			isa = PBXGroup;
			children = (
				017379D22844FA9C00A77E83 /* Dosimeter.swift */,
				01D2DCE428229BC7003AB953 /* RecordView.swift */,
				01476EBB284A549C0007C006 /* DosimetreCell.swift */,
			);
			path = Main;
			sourceTree = "<group>";
		};
		01D2DCD428229BC7003AB953 = {
			isa = PBXGroup;
			children = (
				01D2DCDF28229BC7003AB953 /* DecibelMet */,
				01D2DCDE28229BC7003AB953 /* Products */,
				CC6ED64A5B32D8D15CA96A93 /* Pods */,
				064419C687FF731C9EAD293C /* Frameworks */,
			);
			sourceTree = "<group>";
		};
		01D2DCDE28229BC7003AB953 /* Products */ = {
			isa = PBXGroup;
			children = (
				01D2DCDD28229BC7003AB953 /* DecibelMet.app */,
			);
			name = Products;
			sourceTree = "<group>";
		};
		01D2DCDF28229BC7003AB953 /* DecibelMet */ = {
			isa = PBXGroup;
			children = (
				01D2DCE028229BC7003AB953 /* AppDelegate.swift */,
				01D2DCE228229BC7003AB953 /* SceneDelegate.swift */,
				01B77DF02826935600E0F59F /* Main */,
				017A4AD9283E454900D4092C /* Persist */,
				01443A4E2830E0A200E4D413 /* OnBoarding */,
				01B77DED2826932400E0F59F /* Support files */,
				01B77DEF2826934900E0F59F /* Camera */,
				01A259AD2823FD8A00EBA84C /* Setting */,
				01B77DEE2826933E00E0F59F /* Save */,
				0180CE3A2822C93D00E80380 /* UserInterface */,
				0180CE392822C75800E80380 /* Sound */,
				01D2DCE928229BC9003AB953 /* Assets.xcassets */,
				01D366ED284F47C70061B7E4 /* Montserrat */,
				01D2DCEB28229BC9003AB953 /* LaunchScreen.storyboard */,
				0178FA88283E6084006C03CC /* DecibelMet.xcdatamodeld */,
				01D2DCEE28229BC9003AB953 /* Info.plist */,
			);
			path = DecibelMet;
			sourceTree = "<group>";
		};
		01D366ED284F47C70061B7E4 /* Montserrat */ = {
			isa = PBXGroup;
			children = (
				01D366EE284F47C70061B7E4 /* Montserrat-VariableFont_wght.ttf */,
				01D366EF284F47C70061B7E4 /* Montserrat-Italic-VariableFont_wght.ttf */,
				01D366F0284F47C70061B7E4 /* static */,
				01D36703284F47C70061B7E4 /* OFL.txt */,
				01D36704284F47C70061B7E4 /* README.txt */,
			);
			path = Montserrat;
			sourceTree = "<group>";
		};
		01D366F0284F47C70061B7E4 /* static */ = {
			isa = PBXGroup;
			children = (
				01D366F1284F47C70061B7E4 /* Montserrat-LightItalic.ttf */,
				01D366F2284F47C70061B7E4 /* Montserrat-Medium.ttf */,
				01D366F3284F47C70061B7E4 /* Montserrat-BoldItalic.ttf */,
				01D366F4284F47C70061B7E4 /* Montserrat-Light.ttf */,
				01D366F5284F47C70061B7E4 /* Montserrat-ThinItalic.ttf */,
				01D366F6284F47C70061B7E4 /* Montserrat-ExtraLight.ttf */,
				01D366F7284F47C70061B7E4 /* Montserrat-Thin.ttf */,
				01D366F8284F47C70061B7E4 /* Montserrat-Bold.ttf */,
				01D366F9284F47C70061B7E4 /* Montserrat-MediumItalic.ttf */,
				01D366FA284F47C70061B7E4 /* Montserrat-BlackItalic.ttf */,
				01D366FB284F47C70061B7E4 /* Montserrat-SemiBold.ttf */,
				01D366FC284F47C70061B7E4 /* Montserrat-ExtraLightItalic.ttf */,
				01D366FD284F47C70061B7E4 /* Montserrat-ExtraBold.ttf */,
				01D366FE284F47C70061B7E4 /* Montserrat-Black.ttf */,
				01D366FF284F47C70061B7E4 /* Montserrat-Regular.ttf */,
				01D36700284F47C70061B7E4 /* Montserrat-Italic.ttf */,
				01D36701284F47C70061B7E4 /* Montserrat-SemiBoldItalic.ttf */,
				01D36702284F47C70061B7E4 /* Montserrat-ExtraBoldItalic.ttf */,
			);
			path = static;
			sourceTree = "<group>";
		};
		064419C687FF731C9EAD293C /* Frameworks */ = {
			isa = PBXGroup;
			children = (
				D2C1D095B34E5EC19331170E /* Pods_DecibelMet.framework */,
			);
			name = Frameworks;
			sourceTree = "<group>";
		};
		CC6ED64A5B32D8D15CA96A93 /* Pods */ = {
			isa = PBXGroup;
			children = (
				3C681B5B5084E0F76E435C81 /* Pods-DecibelMet.debug.xcconfig */,
				4AE006C25E5A7D0E30A64E83 /* Pods-DecibelMet.release.xcconfig */,
			);
			path = Pods;
			sourceTree = "<group>";
		};
/* End PBXGroup section */

/* Begin PBXNativeTarget section */
		01D2DCDC28229BC7003AB953 /* DecibelMet */ = {
			isa = PBXNativeTarget;
			buildConfigurationList = 01D2DCF128229BC9003AB953 /* Build configuration list for PBXNativeTarget "DecibelMet" */;
			buildPhases = (
				F43784F3DFF5E2B00FCD6159 /* [CP] Check Pods Manifest.lock */,
				01D2DCD928229BC7003AB953 /* Sources */,
				01D2DCDA28229BC7003AB953 /* Frameworks */,
				01D2DCDB28229BC7003AB953 /* Resources */,
				41CF1B0C4046EF6C3DCB544E /* [CP] Embed Pods Frameworks */,
			);
			buildRules = (
			);
			dependencies = (
			);
			name = DecibelMet;
			productName = DecibelMet;
			productReference = 01D2DCDD28229BC7003AB953 /* DecibelMet.app */;
			productType = "com.apple.product-type.application";
		};
/* End PBXNativeTarget section */

/* Begin PBXProject section */
		01D2DCD528229BC7003AB953 /* Project object */ = {
			isa = PBXProject;
			attributes = {
				BuildIndependentTargetsInParallel = 1;
				LastSwiftUpdateCheck = 1320;
				LastUpgradeCheck = 1320;
				TargetAttributes = {
					01D2DCDC28229BC7003AB953 = {
						CreatedOnToolsVersion = 13.2.1;
					};
				};
			};
			buildConfigurationList = 01D2DCD828229BC7003AB953 /* Build configuration list for PBXProject "DecibelMet" */;
			compatibilityVersion = "Xcode 13.0";
			developmentRegion = en;
			hasScannedForEncodings = 0;
			knownRegions = (
				en,
				Base,
			);
			mainGroup = 01D2DCD428229BC7003AB953;
			productRefGroup = 01D2DCDE28229BC7003AB953 /* Products */;
			projectDirPath = "";
			projectRoot = "";
			targets = (
				01D2DCDC28229BC7003AB953 /* DecibelMet */,
			);
		};
/* End PBXProject section */

/* Begin PBXResourcesBuildPhase section */
		01D2DCDB28229BC7003AB953 /* Resources */ = {
			isa = PBXResourcesBuildPhase;
			buildActionMask = 2147483647;
			files = (
				01D36717284F47C70061B7E4 /* Montserrat-SemiBoldItalic.ttf in Resources */,
				01D36713284F47C70061B7E4 /* Montserrat-ExtraBold.ttf in Resources */,
				01D36706284F47C70061B7E4 /* Montserrat-Italic-VariableFont_wght.ttf in Resources */,
				01D36710284F47C70061B7E4 /* Montserrat-BlackItalic.ttf in Resources */,
				01D3670F284F47C70061B7E4 /* Montserrat-MediumItalic.ttf in Resources */,
				01D36709284F47C70061B7E4 /* Montserrat-BoldItalic.ttf in Resources */,
				01D2DCED28229BC9003AB953 /* LaunchScreen.storyboard in Resources */,
				01D36705284F47C70061B7E4 /* Montserrat-VariableFont_wght.ttf in Resources */,
				01D36715284F47C70061B7E4 /* Montserrat-Regular.ttf in Resources */,
				01D3670A284F47C70061B7E4 /* Montserrat-Light.ttf in Resources */,
				01D3670B284F47C70061B7E4 /* Montserrat-ThinItalic.ttf in Resources */,
				01D36707284F47C70061B7E4 /* Montserrat-LightItalic.ttf in Resources */,
				01D36719284F47C70061B7E4 /* OFL.txt in Resources */,
				01D36712284F47C70061B7E4 /* Montserrat-ExtraLightItalic.ttf in Resources */,
				01D36711284F47C70061B7E4 /* Montserrat-SemiBold.ttf in Resources */,
				01D3670D284F47C70061B7E4 /* Montserrat-Thin.ttf in Resources */,
				01D3670E284F47C70061B7E4 /* Montserrat-Bold.ttf in Resources */,
				01D36716284F47C70061B7E4 /* Montserrat-Italic.ttf in Resources */,
				01D36708284F47C70061B7E4 /* Montserrat-Medium.ttf in Resources */,
				01D2DCEA28229BC9003AB953 /* Assets.xcassets in Resources */,
				01D3670C284F47C70061B7E4 /* Montserrat-ExtraLight.ttf in Resources */,
				01D36714284F47C70061B7E4 /* Montserrat-Black.ttf in Resources */,
				01D3671A284F47C70061B7E4 /* README.txt in Resources */,
				01D36718284F47C70061B7E4 /* Montserrat-ExtraBoldItalic.ttf in Resources */,
			);
			runOnlyForDeploymentPostprocessing = 0;
		};
/* End PBXResourcesBuildPhase section */

/* Begin PBXShellScriptBuildPhase section */
		41CF1B0C4046EF6C3DCB544E /* [CP] Embed Pods Frameworks */ = {
			isa = PBXShellScriptBuildPhase;
			buildActionMask = 2147483647;
			files = (
			);
			inputFileListPaths = (
				"${PODS_ROOT}/Target Support Files/Pods-DecibelMet/Pods-DecibelMet-frameworks-${CONFIGURATION}-input-files.xcfilelist",
			);
			name = "[CP] Embed Pods Frameworks";
			outputFileListPaths = (
				"${PODS_ROOT}/Target Support Files/Pods-DecibelMet/Pods-DecibelMet-frameworks-${CONFIGURATION}-output-files.xcfilelist",
			);
			runOnlyForDeploymentPostprocessing = 0;
			shellPath = /bin/sh;
			shellScript = "\"${PODS_ROOT}/Target Support Files/Pods-DecibelMet/Pods-DecibelMet-frameworks.sh\"\n";
			showEnvVarsInLog = 0;
		};
		F43784F3DFF5E2B00FCD6159 /* [CP] Check Pods Manifest.lock */ = {
			isa = PBXShellScriptBuildPhase;
			buildActionMask = 2147483647;
			files = (
			);
			inputFileListPaths = (
			);
			inputPaths = (
				"${PODS_PODFILE_DIR_PATH}/Podfile.lock",
				"${PODS_ROOT}/Manifest.lock",
			);
			name = "[CP] Check Pods Manifest.lock";
			outputFileListPaths = (
			);
			outputPaths = (
				"$(DERIVED_FILE_DIR)/Pods-DecibelMet-checkManifestLockResult.txt",
			);
			runOnlyForDeploymentPostprocessing = 0;
			shellPath = /bin/sh;
			shellScript = "diff \"${PODS_PODFILE_DIR_PATH}/Podfile.lock\" \"${PODS_ROOT}/Manifest.lock\" > /dev/null\nif [ $? != 0 ] ; then\n    # print error to STDERR\n    echo \"error: The sandbox is not in sync with the Podfile.lock. Run 'pod install' or update your CocoaPods installation.\" >&2\n    exit 1\nfi\n# This output is used by Xcode 'outputs' to avoid re-running this script phase.\necho \"SUCCESS\" > \"${SCRIPT_OUTPUT_FILE_0}\"\n";
			showEnvVarsInLog = 0;
		};
/* End PBXShellScriptBuildPhase section */

/* Begin PBXSourcesBuildPhase section */
		01D2DCD928229BC7003AB953 /* Sources */ = {
			isa = PBXSourcesBuildPhase;
			buildActionMask = 2147483647;
			files = (
				017379D32844FA9C00A77E83 /* Dosimeter.swift in Sources */,
				0180CE322822C1ED00E80380 /* Recorder.swift in Sources */,
				01E166832832C6D600DBC846 /* Image.swift in Sources */,
				01A259B12823FDDA00EBA84C /* ImageView.swift in Sources */,
				0180CE362822C2EB00E80380 /* Constants.swift in Sources */,
				01A259A62823DCFD00EBA84C /* CameraController.swift in Sources */,
				0178FA8A283E6084006C03CC /* DecibelMet.xcdatamodeld in Sources */,
				017A4ADF283E45B400D4092C /* RecordProperty.swift in Sources */,
				0180CE2E2822C19200E80380 /* Button.swift in Sources */,
				01A259AC2823FD8400EBA84C /* SettingViewController.swift in Sources */,
				01658FAB283245EB001336A4 /* SubscribeTwoView.swift in Sources */,
				0180CE2A2822C10C00E80380 /* AvgMinMaxBar.swift in Sources */,
				01476EBC284A549C0007C006 /* DosimetreCell.swift in Sources */,
				01658FA328324363001336A4 /* FirstListView.swift in Sources */,
				01A259A82823DD0900EBA84C /* SaveCell.swift in Sources */,
				017A4ADD283E458800D4092C /* RecordClass.swift in Sources */,
				01443A512830E0BC00E4D413 /* OnBoardingManager.swift in Sources */,
				01A259AF2823FD9C00EBA84C /* SettingCell.swift in Sources */,
				0180CE382822C73400E80380 /* Player.swift in Sources */,
				01443A4D2830E09100E4D413 /* OnBoardingView.swift in Sources */,
				01658FA9283245E0001336A4 /* SubscribeOneView.swift in Sources */,
				01658FA128324191001336A4 /* Collection.swift in Sources */,
				01D2DCE528229BC7003AB953 /* RecordView.swift in Sources */,
				01D2DCE128229BC7003AB953 /* AppDelegate.swift in Sources */,
				0176C5BC284101F60074B8D5 /* CustomSaveCell.swift in Sources */,
				01658FA7283245D4001336A4 /* ThirdListView.swift in Sources */,
				017A4AE1283E45CC00D4092C /* RecordInfo.swift in Sources */,
				01B3EB7B2822BE8B004001C1 /* UILabel.swift in Sources */,
				01658FA5283245C5001336A4 /* SecondListView.swift in Sources */,
				01DDF4822833D6A100CCFDF9 /* SaveControllerInfo.swift in Sources */,
				017A4AE8283E503F00D4092C /* SaveController.swift in Sources */,
				01D2DCE328229BC7003AB953 /* SceneDelegate.swift in Sources */,
				01A259A42823DCD300EBA84C /* TabBar.swift in Sources */,
				017A4ADB283E455900D4092C /* Persist.swift in Sources */,
				0176C5BA2840F9830074B8D5 /* CollectionViewSave.swift in Sources */,
				0180CE2C2822C13100E80380 /* StackView.swift in Sources */,
				0180CE302822C1B100E80380 /* Gradient.swift in Sources */,
			);
			runOnlyForDeploymentPostprocessing = 0;
		};
/* End PBXSourcesBuildPhase section */

/* Begin PBXVariantGroup section */
		01D2DCEB28229BC9003AB953 /* LaunchScreen.storyboard */ = {
			isa = PBXVariantGroup;
			children = (
				01D2DCEC28229BC9003AB953 /* Base */,
			);
			name = LaunchScreen.storyboard;
			sourceTree = "<group>";
		};
/* End PBXVariantGroup section */

/* Begin XCBuildConfiguration section */
		01D2DCEF28229BC9003AB953 /* Debug */ = {
			isa = XCBuildConfiguration;
			buildSettings = {
				ALWAYS_SEARCH_USER_PATHS = NO;
				CLANG_ANALYZER_NONNULL = YES;
				CLANG_ANALYZER_NUMBER_OBJECT_CONVERSION = YES_AGGRESSIVE;
				CLANG_CXX_LANGUAGE_STANDARD = "gnu++17";
				CLANG_CXX_LIBRARY = "libc++";
				CLANG_ENABLE_MODULES = YES;
				CLANG_ENABLE_OBJC_ARC = YES;
				CLANG_ENABLE_OBJC_WEAK = YES;
				CLANG_WARN_BLOCK_CAPTURE_AUTORELEASING = YES;
				CLANG_WARN_BOOL_CONVERSION = YES;
				CLANG_WARN_COMMA = YES;
				CLANG_WARN_CONSTANT_CONVERSION = YES;
				CLANG_WARN_DEPRECATED_OBJC_IMPLEMENTATIONS = YES;
				CLANG_WARN_DIRECT_OBJC_ISA_USAGE = YES_ERROR;
				CLANG_WARN_DOCUMENTATION_COMMENTS = YES;
				CLANG_WARN_EMPTY_BODY = YES;
				CLANG_WARN_ENUM_CONVERSION = YES;
				CLANG_WARN_INFINITE_RECURSION = YES;
				CLANG_WARN_INT_CONVERSION = YES;
				CLANG_WARN_NON_LITERAL_NULL_CONVERSION = YES;
				CLANG_WARN_OBJC_IMPLICIT_RETAIN_SELF = YES;
				CLANG_WARN_OBJC_LITERAL_CONVERSION = YES;
				CLANG_WARN_OBJC_ROOT_CLASS = YES_ERROR;
				CLANG_WARN_QUOTED_INCLUDE_IN_FRAMEWORK_HEADER = YES;
				CLANG_WARN_RANGE_LOOP_ANALYSIS = YES;
				CLANG_WARN_STRICT_PROTOTYPES = YES;
				CLANG_WARN_SUSPICIOUS_MOVE = YES;
				CLANG_WARN_UNGUARDED_AVAILABILITY = YES_AGGRESSIVE;
				CLANG_WARN_UNREACHABLE_CODE = YES;
				CLANG_WARN__DUPLICATE_METHOD_MATCH = YES;
				COPY_PHASE_STRIP = NO;
				DEBUG_INFORMATION_FORMAT = dwarf;
				ENABLE_STRICT_OBJC_MSGSEND = YES;
				ENABLE_TESTABILITY = YES;
				GCC_C_LANGUAGE_STANDARD = gnu11;
				GCC_DYNAMIC_NO_PIC = NO;
				GCC_NO_COMMON_BLOCKS = YES;
				GCC_OPTIMIZATION_LEVEL = 0;
				GCC_PREPROCESSOR_DEFINITIONS = (
					"DEBUG=1",
					"$(inherited)",
				);
				GCC_WARN_64_TO_32_BIT_CONVERSION = YES;
				GCC_WARN_ABOUT_RETURN_TYPE = YES_ERROR;
				GCC_WARN_UNDECLARED_SELECTOR = YES;
				GCC_WARN_UNINITIALIZED_AUTOS = YES_AGGRESSIVE;
				GCC_WARN_UNUSED_FUNCTION = YES;
				GCC_WARN_UNUSED_VARIABLE = YES;
				IPHONEOS_DEPLOYMENT_TARGET = 15.2;
				MTL_ENABLE_DEBUG_INFO = INCLUDE_SOURCE;
				MTL_FAST_MATH = YES;
				ONLY_ACTIVE_ARCH = YES;
				SDKROOT = iphoneos;
				SWIFT_ACTIVE_COMPILATION_CONDITIONS = DEBUG;
				SWIFT_OPTIMIZATION_LEVEL = "-Onone";
			};
			name = Debug;
		};
		01D2DCF028229BC9003AB953 /* Release */ = {
			isa = XCBuildConfiguration;
			buildSettings = {
				ALWAYS_SEARCH_USER_PATHS = NO;
				CLANG_ANALYZER_NONNULL = YES;
				CLANG_ANALYZER_NUMBER_OBJECT_CONVERSION = YES_AGGRESSIVE;
				CLANG_CXX_LANGUAGE_STANDARD = "gnu++17";
				CLANG_CXX_LIBRARY = "libc++";
				CLANG_ENABLE_MODULES = YES;
				CLANG_ENABLE_OBJC_ARC = YES;
				CLANG_ENABLE_OBJC_WEAK = YES;
				CLANG_WARN_BLOCK_CAPTURE_AUTORELEASING = YES;
				CLANG_WARN_BOOL_CONVERSION = YES;
				CLANG_WARN_COMMA = YES;
				CLANG_WARN_CONSTANT_CONVERSION = YES;
				CLANG_WARN_DEPRECATED_OBJC_IMPLEMENTATIONS = YES;
				CLANG_WARN_DIRECT_OBJC_ISA_USAGE = YES_ERROR;
				CLANG_WARN_DOCUMENTATION_COMMENTS = YES;
				CLANG_WARN_EMPTY_BODY = YES;
				CLANG_WARN_ENUM_CONVERSION = YES;
				CLANG_WARN_INFINITE_RECURSION = YES;
				CLANG_WARN_INT_CONVERSION = YES;
				CLANG_WARN_NON_LITERAL_NULL_CONVERSION = YES;
				CLANG_WARN_OBJC_IMPLICIT_RETAIN_SELF = YES;
				CLANG_WARN_OBJC_LITERAL_CONVERSION = YES;
				CLANG_WARN_OBJC_ROOT_CLASS = YES_ERROR;
				CLANG_WARN_QUOTED_INCLUDE_IN_FRAMEWORK_HEADER = YES;
				CLANG_WARN_RANGE_LOOP_ANALYSIS = YES;
				CLANG_WARN_STRICT_PROTOTYPES = YES;
				CLANG_WARN_SUSPICIOUS_MOVE = YES;
				CLANG_WARN_UNGUARDED_AVAILABILITY = YES_AGGRESSIVE;
				CLANG_WARN_UNREACHABLE_CODE = YES;
				CLANG_WARN__DUPLICATE_METHOD_MATCH = YES;
				COPY_PHASE_STRIP = NO;
				DEBUG_INFORMATION_FORMAT = "dwarf-with-dsym";
				ENABLE_NS_ASSERTIONS = NO;
				ENABLE_STRICT_OBJC_MSGSEND = YES;
				GCC_C_LANGUAGE_STANDARD = gnu11;
				GCC_NO_COMMON_BLOCKS = YES;
				GCC_WARN_64_TO_32_BIT_CONVERSION = YES;
				GCC_WARN_ABOUT_RETURN_TYPE = YES_ERROR;
				GCC_WARN_UNDECLARED_SELECTOR = YES;
				GCC_WARN_UNINITIALIZED_AUTOS = YES_AGGRESSIVE;
				GCC_WARN_UNUSED_FUNCTION = YES;
				GCC_WARN_UNUSED_VARIABLE = YES;
				IPHONEOS_DEPLOYMENT_TARGET = 15.2;
				MTL_ENABLE_DEBUG_INFO = NO;
				MTL_FAST_MATH = YES;
				SDKROOT = iphoneos;
				SWIFT_COMPILATION_MODE = wholemodule;
				SWIFT_OPTIMIZATION_LEVEL = "-O";
				VALIDATE_PRODUCT = YES;
			};
			name = Release;
		};
		01D2DCF228229BC9003AB953 /* Debug */ = {
			isa = XCBuildConfiguration;
			baseConfigurationReference = 3C681B5B5084E0F76E435C81 /* Pods-DecibelMet.debug.xcconfig */;
			buildSettings = {
				ASSETCATALOG_COMPILER_APPICON_NAME = AppIcon;
				ASSETCATALOG_COMPILER_GLOBAL_ACCENT_COLOR_NAME = AccentColor;
				CODE_SIGN_STYLE = Automatic;
				CURRENT_PROJECT_VERSION = 1;
				DEVELOPMENT_TEAM = P2NGCH9ANT;
				GENERATE_INFOPLIST_FILE = YES;
				INFOPLIST_FILE = DecibelMet/Info.plist;
				INFOPLIST_KEY_UIApplicationSupportsIndirectInputEvents = YES;
				INFOPLIST_KEY_UILaunchStoryboardName = LaunchScreen;
				INFOPLIST_KEY_UISupportedInterfaceOrientations_iPad = "UIInterfaceOrientationPortrait UIInterfaceOrientationPortraitUpsideDown UIInterfaceOrientationLandscapeLeft UIInterfaceOrientationLandscapeRight";
				INFOPLIST_KEY_UISupportedInterfaceOrientations_iPhone = "UIInterfaceOrientationPortrait UIInterfaceOrientationLandscapeLeft UIInterfaceOrientationLandscapeRight";
				LD_RUNPATH_SEARCH_PATHS = (
					"$(inherited)",
					"@executable_path/Frameworks",
				);
				MARKETING_VERSION = 1.0;
				PRODUCT_BUNDLE_IDENTIFIER = StasDashkevich.DecibelMet;
				PRODUCT_NAME = "$(TARGET_NAME)";
				SWIFT_EMIT_LOC_STRINGS = YES;
				SWIFT_VERSION = 5.0;
				TARGETED_DEVICE_FAMILY = "1,2";
			};
			name = Debug;
		};
		01D2DCF328229BC9003AB953 /* Release */ = {
			isa = XCBuildConfiguration;
			baseConfigurationReference = 4AE006C25E5A7D0E30A64E83 /* Pods-DecibelMet.release.xcconfig */;
			buildSettings = {
				ASSETCATALOG_COMPILER_APPICON_NAME = AppIcon;
				ASSETCATALOG_COMPILER_GLOBAL_ACCENT_COLOR_NAME = AccentColor;
				CODE_SIGN_STYLE = Automatic;
				CURRENT_PROJECT_VERSION = 1;
				DEVELOPMENT_TEAM = P2NGCH9ANT;
				GENERATE_INFOPLIST_FILE = YES;
				INFOPLIST_FILE = DecibelMet/Info.plist;
				INFOPLIST_KEY_UIApplicationSupportsIndirectInputEvents = YES;
				INFOPLIST_KEY_UILaunchStoryboardName = LaunchScreen;
				INFOPLIST_KEY_UISupportedInterfaceOrientations_iPad = "UIInterfaceOrientationPortrait UIInterfaceOrientationPortraitUpsideDown UIInterfaceOrientationLandscapeLeft UIInterfaceOrientationLandscapeRight";
				INFOPLIST_KEY_UISupportedInterfaceOrientations_iPhone = "UIInterfaceOrientationPortrait UIInterfaceOrientationLandscapeLeft UIInterfaceOrientationLandscapeRight";
				LD_RUNPATH_SEARCH_PATHS = (
					"$(inherited)",
					"@executable_path/Frameworks",
				);
				MARKETING_VERSION = 1.0;
				PRODUCT_BUNDLE_IDENTIFIER = StasDashkevich.DecibelMet;
				PRODUCT_NAME = "$(TARGET_NAME)";
				SWIFT_EMIT_LOC_STRINGS = YES;
				SWIFT_VERSION = 5.0;
				TARGETED_DEVICE_FAMILY = "1,2";
			};
			name = Release;
		};
/* End XCBuildConfiguration section */

/* Begin XCConfigurationList section */
		01D2DCD828229BC7003AB953 /* Build configuration list for PBXProject "DecibelMet" */ = {
			isa = XCConfigurationList;
			buildConfigurations = (
				01D2DCEF28229BC9003AB953 /* Debug */,
				01D2DCF028229BC9003AB953 /* Release */,
			);
			defaultConfigurationIsVisible = 0;
			defaultConfigurationName = Release;
		};
		01D2DCF128229BC9003AB953 /* Build configuration list for PBXNativeTarget "DecibelMet" */ = {
			isa = XCConfigurationList;
			buildConfigurations = (
				01D2DCF228229BC9003AB953 /* Debug */,
				01D2DCF328229BC9003AB953 /* Release */,
			);
			defaultConfigurationIsVisible = 0;
			defaultConfigurationName = Release;
		};
/* End XCConfigurationList section */

/* Begin XCVersionGroup section */
		0178FA88283E6084006C03CC /* DecibelMet.xcdatamodeld */ = {
			isa = XCVersionGroup;
			children = (
				0178FA89283E6084006C03CC /* DecibelMet.xcdatamodel */,
			);
			currentVersion = 0178FA89283E6084006C03CC /* DecibelMet.xcdatamodel */;
			path = DecibelMet.xcdatamodeld;
			sourceTree = "<group>";
			versionGroupType = wrapper.xcdatamodel;
		};
/* End XCVersionGroup section */
	};
	rootObject = 01D2DCD528229BC7003AB953 /* Project object */;
}
